
Microsoft Visual Studio Solution File, Format Version 12.00
# Visual Studio Version 16
VisualStudioVersion = 16.0.30320.27
MinimumVisualStudioVersion = 10.0.40219.1
Project("{FAE04EC0-301F-11D3-BF4B-00C04F79EFBC}") = "RedmineManager", "RedmineManager\RedmineManager.csproj", "{FF202FBE-473A-4418-A0D9-30E435B7BC03}"
EndProject
Global
	GlobalSection(SolutionConfigurationPlatforms) = preSolution
		Debug|Any CPU = Debug|Any CPU
		Release|Any CPU = Release|Any CPU
	EndGlobalSection
	GlobalSection(ProjectConfigurationPlatforms) = postSolution
		{FF202FBE-473A-4418-A0D9-30E435B7BC03}.Debug|Any CPU.ActiveCfg = Debug|Any CPU
		{FF202FBE-473A-4418-A0D9-30E435B7BC03}.Debug|Any CPU.Build.0 = Debug|Any CPU
		{FF202FBE-473A-4418-A0D9-30E435B7BC03}.Release|Any CPU.ActiveCfg = Release|Any CPU
		{FF202FBE-473A-4418-A0D9-30E435B7BC03}.Release|Any CPU.Build.0 = Release|Any CPU
	EndGlobalSection
	GlobalSection(SolutionProperties) = preSolution
		HideSolutionNode = FALSE
	EndGlobalSection
	GlobalSection(ExtensibilityGlobals) = postSolution
		SolutionGuid = {800D573A-8D81-418F-BC89-918167FC13C4}
	EndGlobalSection
EndGlobal
